
Microsoft Visual Studio Solution File, Format Version 12.00
# Visual Studio Version 16
VisualStudioVersion = 16.0.31515.178
MinimumVisualStudioVersion = 10.0.40219.1
Project("{9A19103F-16F7-4668-BE54-9A1E7A4F7556}") = "BenchDb.Build", "BenchDb.Build\BenchDb.Build.csproj", "{7A01F585-0301-42EA-AB18-FF62BB0BD01C}"
EndProject
Global
	GlobalSection(SolutionConfigurationPlatforms) = preSolution
		Debug|Any CPU = Debug|Any CPU
		Release|Any CPU = Release|Any CPU
	EndGlobalSection
	GlobalSection(ProjectConfigurationPlatforms) = postSolution
		{7A01F585-0301-42EA-AB18-FF62BB0BD01C}.Debug|Any CPU.ActiveCfg = Debug|Any CPU
		{7A01F585-0301-42EA-AB18-FF62BB0BD01C}.Debug|Any CPU.Build.0 = Debug|Any CPU
		{7A01F585-0301-42EA-AB18-FF62BB0BD01C}.Release|Any CPU.ActiveCfg = Release|Any CPU
		{7A01F585-0301-42EA-AB18-FF62BB0BD01C}.Release|Any CPU.Build.0 = Release|Any CPU
	EndGlobalSection
	GlobalSection(SolutionProperties) = preSolution
		HideSolutionNode = FALSE
	EndGlobalSection
	GlobalSection(ExtensibilityGlobals) = postSolution
		SolutionGuid = {75A1729C-3D8C-4A95-8011-8D4C3DECFB1D}
	EndGlobalSection
EndGlobal
